
Microsoft Visual Studio Solution File, Format Version 12.00
# Visual Studio 15
VisualStudioVersion = 15.0.27004.2005
MinimumVisualStudioVersion = 10.0.40219.1
Project("{FAE04EC0-301F-11D3-BF4B-00C04F79EFBC}") = "ProShine Script Creator", "Lua Editor\ProShine Script Creator.csproj", "{C8C3089E-E405-46C5-B803-A947BA66D113}"
EndProject
Global
	GlobalSection(SolutionConfigurationPlatforms) = preSolution
		Debug|Any CPU = Debug|Any CPU
		Release|Any CPU = Release|Any CPU
	EndGlobalSection
	GlobalSection(ProjectConfigurationPlatforms) = postSolution
		{C8C3089E-E405-46C5-B803-A947BA66D113}.Debug|Any CPU.ActiveCfg = Debug|Any CPU
		{C8C3089E-E405-46C5-B803-A947BA66D113}.Debug|Any CPU.Build.0 = Debug|Any CPU
		{C8C3089E-E405-46C5-B803-A947BA66D113}.Release|Any CPU.ActiveCfg = Release|Any CPU
		{C8C3089E-E405-46C5-B803-A947BA66D113}.Release|Any CPU.Build.0 = Release|Any CPU
	EndGlobalSection
	GlobalSection(SolutionProperties) = preSolution
		HideSolutionNode = FALSE
	EndGlobalSection
	GlobalSection(ExtensibilityGlobals) = postSolution
		SolutionGuid = {EAEE291F-E397-4C86-B85B-E5D2704E662D}
	EndGlobalSection
EndGlobal
